
Microsoft Visual Studio Solution File, Format Version 12.00
# Visual Studio 2012
Project("{FAE04EC0-301F-11D3-BF4B-00C04F79EFBC}") = "GoogleLocation", "GoogleLocation\GoogleLocation.csproj", "{88CCE1D3-F6FA-48C9-BBEE-9881012D4B81}"
EndProject
Project("{FAE04EC0-301F-11D3-BF4B-00C04F79EFBC}") = "GoogleLocation.Tests", "GoogleLocation.Tests\GoogleLocation.Tests.csproj", "{68D46D25-8CB7-4B08-8D61-FF58C749349D}"
EndProject
Global
	GlobalSection(SolutionConfigurationPlatforms) = preSolution
		Debug|Any CPU = Debug|Any CPU
		Release|Any CPU = Release|Any CPU
	EndGlobalSection
	GlobalSection(ProjectConfigurationPlatforms) = postSolution
		{88CCE1D3-F6FA-48C9-BBEE-9881012D4B81}.Debug|Any CPU.ActiveCfg = Debug|Any CPU
		{88CCE1D3-F6FA-48C9-BBEE-9881012D4B81}.Debug|Any CPU.Build.0 = Debug|Any CPU
		{88CCE1D3-F6FA-48C9-BBEE-9881012D4B81}.Release|Any CPU.ActiveCfg = Release|Any CPU
		{88CCE1D3-F6FA-48C9-BBEE-9881012D4B81}.Release|Any CPU.Build.0 = Release|Any CPU
		{68D46D25-8CB7-4B08-8D61-FF58C749349D}.Debug|Any CPU.ActiveCfg = Debug|Any CPU
		{68D46D25-8CB7-4B08-8D61-FF58C749349D}.Debug|Any CPU.Build.0 = Debug|Any CPU
		{68D46D25-8CB7-4B08-8D61-FF58C749349D}.Release|Any CPU.ActiveCfg = Release|Any CPU
		{68D46D25-8CB7-4B08-8D61-FF58C749349D}.Release|Any CPU.Build.0 = Release|Any CPU
	EndGlobalSection
EndGlobal
